
Microsoft Visual Studio Solution File, Format Version 10.00
# Visual Studio 2008
Project("{FAE04EC0-301F-11D3-BF4B-00C04F79EFBC}") = "DVDProfilerPlugin", "DVDProfilerPlugin\DVDProfilerPlugin.csproj", "{8D8056BC-5D9B-4FAD-AD05-CB11D059B511}"
EndProject
Project("{FAE04EC0-301F-11D3-BF4B-00C04F79EFBC}") = "MyMoviesPlugin", "MyMoviesPlugin\MyMoviesPlugin.csproj", "{1B77B50C-5951-4844-9AC7-A210C1E7D2C3}"
EndProject
Project("{FAE04EC0-301F-11D3-BF4B-00C04F79EFBC}") = "OMLDatabaseEditor", "OMLDatabaseEditor\OMLDatabaseEditor.csproj", "{19F0B1F1-ADBC-493B-86F0-23B65E7D082D}"
	ProjectSection(ProjectDependencies) = postProject
		{C62E5AA2-D72F-4CDB-944B-2E8C98353973} = {C62E5AA2-D72F-4CDB-944B-2E8C98353973}
	EndProjectSection
EndProject
Project("{FAE04EC0-301F-11D3-BF4B-00C04F79EFBC}") = "MovieCollectorzPlugin", "MovieCollectorz\MovieCollectorzPlugin.csproj", "{5228D6B1-AB63-4DE9-B7AB-8A60F56A3570}"
EndProject
Project("{FAE04EC0-301F-11D3-BF4B-00C04F79EFBC}") = "OMLEngine", "OMLEngine\OMLEngine.csproj", "{047E39DC-BB9E-42CD-9AB2-CFA4D4387F6C}"
EndProject
Project("{FAE04EC0-301F-11D3-BF4B-00C04F79EFBC}") = "OMLSDK", "OMLSDK\OMLSDK.csproj", "{84BDBB4C-50AA-4D92-9DD3-8CDFD7DFD7D4}"
EndProject
Project("{FAE04EC0-301F-11D3-BF4B-00C04F79EFBC}") = "Library", "Library\Library.csproj", "{2D747049-9A5C-4FFB-919F-1FD47BC18B3D}"
	ProjectSection(ProjectDependencies) = postProject
		{F1386E04-A35B-4DB2-B95D-45277E55DDE7} = {F1386E04-A35B-4DB2-B95D-45277E55DDE7}
		{C62E5AA2-D72F-4CDB-944B-2E8C98353973} = {C62E5AA2-D72F-4CDB-944B-2E8C98353973}
	EndProjectSection
EndProject
Project("{2150E333-8FDC-42A3-9474-1A3956D46DE8}") = "Sample Files", "Sample Files", "{1AC49F02-A28A-48B9-A7B6-AC7A82CC7645}"
	ProjectSection(SolutionItems) = preProject
		Sample Files\2001.jpg = Sample Files\2001.jpg
		Sample Files\BluRay.jpg = Sample Files\BluRay.jpg
		Sample Files\dvd_profiler.xml = Sample Files\dvd_profiler.xml
		Sample Files\DVDProfiler-SampleBymuskie.xml = Sample Files\DVDProfiler-SampleBymuskie.xml
		Sample Files\DVDProfilerUnitTest.xml = Sample Files\DVDProfilerUnitTest.xml
		Sample Files\firefly.jpg = Sample Files\firefly.jpg
		Sample Files\firefly.oml.xml = Sample Files\firefly.oml.xml
		Sample Files\HDDVD.jpg = Sample Files\HDDVD.jpg
		Sample Files\main_menu.jpg = Sample Files\main_menu.jpg
		Sample Files\Movie_Collectorz.xml = Sample Files\Movie_Collectorz.xml
		Sample Files\mymovies-multiple-avi-files-bug.xml = Sample Files\mymovies-multiple-avi-files-bug.xml
		Sample Files\mymovies-single-multiple-files.xml = Sample Files\mymovies-single-multiple-files.xml
		Sample Files\mymovies-single.xml = Sample Files\mymovies-single.xml
		Sample Files\MyMovies.xml = Sample Files\MyMovies.xml
		Sample Files\oml.dat = Sample Files\oml.dat
		Sample Files\oml.xsd = Sample Files\oml.xsd
		Sample Files\oml_menu.jpg = Sample Files\oml_menu.jpg
		Sample Files\oml_title.jpg = Sample Files\oml_title.jpg
		Sample Files\sample-oml.xml = Sample Files\sample-oml.xml
		Sample Files\SampleBackground_1024_768.jpg = Sample Files\SampleBackground_1024_768.jpg
		Sample Files\test.wpl = Sample Files\test.wpl
	EndProjectSection
EndProject
Project("{2150E333-8FDC-42A3-9474-1A3956D46DE8}") = "Solution Items", "Solution Items", "{F3E848C8-53F7-42B2-B637-F6A69E06CDEC}"
	ProjectSection(SolutionItems) = preProject
		Credits.xml = Credits.xml
		OML.vsmdi = OML.vsmdi
	EndProjectSection
EndProject
Project("{2150E333-8FDC-42A3-9474-1A3956D46DE8}") = "Documentation", "Documentation", "{757EC8A1-C7F9-4181-A317-FA2D9EED1657}"
EndProject
Project("{FAE04EC0-301F-11D3-BF4B-00C04F79EFBC}") = "OMLTestSuite", "OMLTestSuite\OMLTestSuite.csproj", "{CE1D8B75-3C30-43A1-AD65-BDA43AD459AC}"
EndProject
Project("{FAE04EC0-301F-11D3-BF4B-00C04F79EFBC}") = "OMLImporter", "OMLImporter\OMLImporter.csproj", "{4D49BE81-B5F9-4885-BE11-1523D141EA10}"
EndProject
Project("{FAE04EC0-301F-11D3-BF4B-00C04F79EFBC}") = "DVRMSPlugin", "DVRMSPlugin\DVRMSPlugin.csproj", "{82D93509-55CC-4350-98D1-C964861266A9}"
EndProject
Project("{FAE04EC0-301F-11D3-BF4B-00C04F79EFBC}") = "VMCDVDLibraryPlugin", "VMCDVDLibraryPlugin\VMCDVDLibraryPlugin.csproj", "{CEEBFC5A-9CAB-40D1-A453-8C30A13F0CD4}"
	ProjectSection(ProjectDependencies) = postProject
		{84BDBB4C-50AA-4D92-9DD3-8CDFD7DFD7D4} = {84BDBB4C-50AA-4D92-9DD3-8CDFD7DFD7D4}
		{047E39DC-BB9E-42CD-9AB2-CFA4D4387F6C} = {047E39DC-BB9E-42CD-9AB2-CFA4D4387F6C}
	EndProjectSection
EndProject
Project("{FAE04EC0-301F-11D3-BF4B-00C04F79EFBC}") = "OMLFileWatcher", "OMLFileWatcher\OMLFileWatcher.csproj", "{94FD8015-16D8-442E-8BD8-C2A63D1232D4}"
EndProject
Project("{FAE04EC0-301F-11D3-BF4B-00C04F79EFBC}") = "OMLFWService", "OMLFWService\OMLFWService.csproj", "{B31D05AE-C7ED-41FC-B5E3-F8551EDA78DF}"
EndProject
Project("{FAE04EC0-301F-11D3-BF4B-00C04F79EFBC}") = "OMLLogging", "OMLLogging\OMLLogging.csproj", "{317CBF44-AA61-4999-BEF6-5F18A11BB010}"
EndProject
Project("{FAE04EC0-301F-11D3-BF4B-00C04F79EFBC}") = "OMLEngineService", "OMLEngineService\OMLEngineService.csproj", "{35BB98E0-BA22-460B-BC2D-84B2ADD42543}"
EndProject
Project("{FAE04EC0-301F-11D3-BF4B-00C04F79EFBC}") = "OMLFWMonitor", "OMLFWMonitor\OMLFWMonitor.csproj", "{958C5F33-33E1-4EFE-8080-124BFAC8A7F9}"
EndProject
Project("{FAE04EC0-301F-11D3-BF4B-00C04F79EFBC}") = "AmazonMetadata", "AmazonMetadata\AmazonMetadata.csproj", "{AD0053D4-2AB7-42DC-9DE3-5B26D702DDE8}"
EndProject
Project("{FAE04EC0-301F-11D3-BF4B-00C04F79EFBC}") = "OMLXMLImporter", "OMLXMLImporter\OMLXMLImporter.csproj", "{3F757A9F-BA85-4B16-AD94-334D332F3DEB}"
EndProject
Project("{FAE04EC0-301F-11D3-BF4B-00C04F79EFBC}") = "OMLTranscoder", "OMLTranscoder\OMLTranscoder.csproj", "{A924F59C-1AF8-4B18-B3E4-E0EECB4CE225}"
EndProject
Project("{FAE04EC0-301F-11D3-BF4B-00C04F79EFBC}") = "DVDMediaInfo", "DVDMediaInfo\DVDMediaInfo.csproj", "{C3614B12-69A8-4ED5-8AC5-FB7940E70806}"
EndProject
Project("{FAE04EC0-301F-11D3-BF4B-00C04F79EFBC}") = "OMLTranslator", "OMLTranslator\OMLTranslator.csproj", "{350B1D61-F5A8-4BCA-A92D-FBC6ACCB6D23}"
EndProject
Project("{FAE04EC0-301F-11D3-BF4B-00C04F79EFBC}") = "MC-State", "MC-State\MC-State.csproj", "{F2C2F50E-CC41-49CE-B8B6-4B633F67F26A}"
EndProject
Project("{FAE04EC0-301F-11D3-BF4B-00C04F79EFBC}") = "TheMovieDbMetadata", "TheMovieDbMetadata\TheMovieDbMetadata.csproj", "{BD6F6DBB-B6D8-4EC3-939A-62BC58CC19B1}"
EndProject
Project("{FAE04EC0-301F-11D3-BF4B-00C04F79EFBC}") = "omlrevision", "omlrevision\omlrevision.csproj", "{C62E5AA2-D72F-4CDB-944B-2E8C98353973}"
EndProject
Project("{FAE04EC0-301F-11D3-BF4B-00C04F79EFBC}") = "BuildVersionUpdater", "BuildVersionUpdater\BuildVersionUpdater.csproj", "{F1386E04-A35B-4DB2-B95D-45277E55DDE7}"
EndProject
Project("{FAE04EC0-301F-11D3-BF4B-00C04F79EFBC}") = "Maximizer", "Maximizer\Maximizer.csproj", "{21240191-08FF-4C30-AE9D-62B8DC032B10}"
EndProject
Project("{FAE04EC0-301F-11D3-BF4B-00C04F79EFBC}") = "NetFlixMetadata", "NetFlixMetadata\NetFlixMetadata.csproj", "{11275660-18A4-4B39-BA5D-0451E1B5DBCE}"
EndProject
Project("{FAE04EC0-301F-11D3-BF4B-00C04F79EFBC}") = "TranscoderTester", "TranscoderTester\TranscoderTester.csproj", "{FFDA57EB-295C-4D84-97BF-F88DB4F4219D}"
EndProject
Project("{FAE04EC0-301F-11D3-BF4B-00C04F79EFBC}") = "DVDProfilerMetaData", "DVDProfilerMetaData\DVDProfilerMetaData.csproj", "{8A901582-024E-409B-AC31-C89FA11987D8}"
EndProject
Project("{FAE04EC0-301F-11D3-BF4B-00C04F79EFBC}") = "PostInstallerWizard", "PostInstallerWizard\PostInstallerWizard.csproj", "{CEB6EE1F-6162-4A1F-907F-DF092F425E8D}"
EndProject
Project("{FAE04EC0-301F-11D3-BF4B-00C04F79EFBC}") = "OMLDatabaseEditor2", "OMLDatabaseEditor2\OMLDatabaseEditor2.csproj", "{2488F54D-DA71-4C8D-B992-179B314C3FE7}"
EndProject
Global
	GlobalSection(SolutionConfigurationPlatforms) = preSolution
		Debug|Any CPU = Debug|Any CPU
		Debug|Mixed Platforms = Debug|Mixed Platforms
		Debug|x64 = Debug|x64
		Debug|x86 = Debug|x86
		Release|Any CPU = Release|Any CPU
		Release|Mixed Platforms = Release|Mixed Platforms
		Release|x64 = Release|x64
		Release|x86 = Release|x86
	EndGlobalSection
	GlobalSection(ProjectConfigurationPlatforms) = postSolution
		{8D8056BC-5D9B-4FAD-AD05-CB11D059B511}.Debug|Any CPU.ActiveCfg = Debug|Any CPU
		{8D8056BC-5D9B-4FAD-AD05-CB11D059B511}.Debug|Any CPU.Build.0 = Debug|Any CPU
		{8D8056BC-5D9B-4FAD-AD05-CB11D059B511}.Debug|Mixed Platforms.ActiveCfg = Debug|Any CPU
		{8D8056BC-5D9B-4FAD-AD05-CB11D059B511}.Debug|Mixed Platforms.Build.0 = Debug|Any CPU
		{8D8056BC-5D9B-4FAD-AD05-CB11D059B511}.Debug|x64.ActiveCfg = Debug|Any CPU
		{8D8056BC-5D9B-4FAD-AD05-CB11D059B511}.Debug|x86.ActiveCfg = Debug|Any CPU
		{8D8056BC-5D9B-4FAD-AD05-CB11D059B511}.Release|Any CPU.ActiveCfg = Release|Any CPU
		{8D8056BC-5D9B-4FAD-AD05-CB11D059B511}.Release|Any CPU.Build.0 = Release|Any CPU
		{8D8056BC-5D9B-4FAD-AD05-CB11D059B511}.Release|Mixed Platforms.ActiveCfg = Release|Any CPU
		{8D8056BC-5D9B-4FAD-AD05-CB11D059B511}.Release|Mixed Platforms.Build.0 = Release|Any CPU
		{8D8056BC-5D9B-4FAD-AD05-CB11D059B511}.Release|x64.ActiveCfg = Release|Any CPU
		{8D8056BC-5D9B-4FAD-AD05-CB11D059B511}.Release|x86.ActiveCfg = Release|Any CPU
		{1B77B50C-5951-4844-9AC7-A210C1E7D2C3}.Debug|Any CPU.ActiveCfg = Debug|Any CPU
		{1B77B50C-5951-4844-9AC7-A210C1E7D2C3}.Debug|Any CPU.Build.0 = Debug|Any CPU
		{1B77B50C-5951-4844-9AC7-A210C1E7D2C3}.Debug|Mixed Platforms.ActiveCfg = Debug|Any CPU
		{1B77B50C-5951-4844-9AC7-A210C1E7D2C3}.Debug|Mixed Platforms.Build.0 = Debug|Any CPU
		{1B77B50C-5951-4844-9AC7-A210C1E7D2C3}.Debug|x64.ActiveCfg = Debug|Any CPU
		{1B77B50C-5951-4844-9AC7-A210C1E7D2C3}.Debug|x86.ActiveCfg = Debug|Any CPU
		{1B77B50C-5951-4844-9AC7-A210C1E7D2C3}.Release|Any CPU.ActiveCfg = Release|Any CPU
		{1B77B50C-5951-4844-9AC7-A210C1E7D2C3}.Release|Any CPU.Build.0 = Release|Any CPU
		{1B77B50C-5951-4844-9AC7-A210C1E7D2C3}.Release|Mixed Platforms.ActiveCfg = Release|Any CPU
		{1B77B50C-5951-4844-9AC7-A210C1E7D2C3}.Release|Mixed Platforms.Build.0 = Release|Any CPU
		{1B77B50C-5951-4844-9AC7-A210C1E7D2C3}.Release|x64.ActiveCfg = Release|Any CPU
		{1B77B50C-5951-4844-9AC7-A210C1E7D2C3}.Release|x86.ActiveCfg = Release|Any CPU
		{19F0B1F1-ADBC-493B-86F0-23B65E7D082D}.Debug|Any CPU.ActiveCfg = Debug|Any CPU
		{19F0B1F1-ADBC-493B-86F0-23B65E7D082D}.Debug|Any CPU.Build.0 = Debug|Any CPU
		{19F0B1F1-ADBC-493B-86F0-23B65E7D082D}.Debug|Mixed Platforms.ActiveCfg = Debug|Any CPU
		{19F0B1F1-ADBC-493B-86F0-23B65E7D082D}.Debug|Mixed Platforms.Build.0 = Debug|Any CPU
		{19F0B1F1-ADBC-493B-86F0-23B65E7D082D}.Debug|x64.ActiveCfg = Debug|Any CPU
		{19F0B1F1-ADBC-493B-86F0-23B65E7D082D}.Debug|x86.ActiveCfg = Debug|Any CPU
		{19F0B1F1-ADBC-493B-86F0-23B65E7D082D}.Release|Any CPU.ActiveCfg = Release|Any CPU
		{19F0B1F1-ADBC-493B-86F0-23B65E7D082D}.Release|Any CPU.Build.0 = Release|Any CPU
		{19F0B1F1-ADBC-493B-86F0-23B65E7D082D}.Release|Mixed Platforms.ActiveCfg = Release|Any CPU
		{19F0B1F1-ADBC-493B-86F0-23B65E7D082D}.Release|Mixed Platforms.Build.0 = Release|Any CPU
		{19F0B1F1-ADBC-493B-86F0-23B65E7D082D}.Release|x64.ActiveCfg = Release|Any CPU
		{19F0B1F1-ADBC-493B-86F0-23B65E7D082D}.Release|x86.ActiveCfg = Release|Any CPU
		{5228D6B1-AB63-4DE9-B7AB-8A60F56A3570}.Debug|Any CPU.ActiveCfg = Debug|Any CPU
		{5228D6B1-AB63-4DE9-B7AB-8A60F56A3570}.Debug|Any CPU.Build.0 = Debug|Any CPU
		{5228D6B1-AB63-4DE9-B7AB-8A60F56A3570}.Debug|Mixed Platforms.ActiveCfg = Debug|Any CPU
		{5228D6B1-AB63-4DE9-B7AB-8A60F56A3570}.Debug|Mixed Platforms.Build.0 = Debug|Any CPU
		{5228D6B1-AB63-4DE9-B7AB-8A60F56A3570}.Debug|x64.ActiveCfg = Debug|Any CPU
		{5228D6B1-AB63-4DE9-B7AB-8A60F56A3570}.Debug|x86.ActiveCfg = Debug|Any CPU
		{5228D6B1-AB63-4DE9-B7AB-8A60F56A3570}.Release|Any CPU.ActiveCfg = Release|Any CPU
		{5228D6B1-AB63-4DE9-B7AB-8A60F56A3570}.Release|Any CPU.Build.0 = Release|Any CPU
		{5228D6B1-AB63-4DE9-B7AB-8A60F56A3570}.Release|Mixed Platforms.ActiveCfg = Release|Any CPU
		{5228D6B1-AB63-4DE9-B7AB-8A60F56A3570}.Release|Mixed Platforms.Build.0 = Release|Any CPU
		{5228D6B1-AB63-4DE9-B7AB-8A60F56A3570}.Release|x64.ActiveCfg = Release|Any CPU
		{5228D6B1-AB63-4DE9-B7AB-8A60F56A3570}.Release|x86.ActiveCfg = Release|Any CPU
		{047E39DC-BB9E-42CD-9AB2-CFA4D4387F6C}.Debug|Any CPU.ActiveCfg = Debug|Any CPU
		{047E39DC-BB9E-42CD-9AB2-CFA4D4387F6C}.Debug|Any CPU.Build.0 = Debug|Any CPU
		{047E39DC-BB9E-42CD-9AB2-CFA4D4387F6C}.Debug|Mixed Platforms.ActiveCfg = Debug|Any CPU
		{047E39DC-BB9E-42CD-9AB2-CFA4D4387F6C}.Debug|Mixed Platforms.Build.0 = Debug|Any CPU
		{047E39DC-BB9E-42CD-9AB2-CFA4D4387F6C}.Debug|x64.ActiveCfg = Debug|Any CPU
		{047E39DC-BB9E-42CD-9AB2-CFA4D4387F6C}.Debug|x86.ActiveCfg = Debug|Any CPU
		{047E39DC-BB9E-42CD-9AB2-CFA4D4387F6C}.Release|Any CPU.ActiveCfg = Release|Any CPU
		{047E39DC-BB9E-42CD-9AB2-CFA4D4387F6C}.Release|Any CPU.Build.0 = Release|Any CPU
		{047E39DC-BB9E-42CD-9AB2-CFA4D4387F6C}.Release|Mixed Platforms.ActiveCfg = Release|Any CPU
		{047E39DC-BB9E-42CD-9AB2-CFA4D4387F6C}.Release|Mixed Platforms.Build.0 = Release|Any CPU
		{047E39DC-BB9E-42CD-9AB2-CFA4D4387F6C}.Release|x64.ActiveCfg = Release|Any CPU
		{047E39DC-BB9E-42CD-9AB2-CFA4D4387F6C}.Release|x86.ActiveCfg = Release|Any CPU
		{84BDBB4C-50AA-4D92-9DD3-8CDFD7DFD7D4}.Debug|Any CPU.ActiveCfg = Debug|Any CPU
		{84BDBB4C-50AA-4D92-9DD3-8CDFD7DFD7D4}.Debug|Any CPU.Build.0 = Debug|Any CPU
		{84BDBB4C-50AA-4D92-9DD3-8CDFD7DFD7D4}.Debug|Mixed Platforms.ActiveCfg = Debug|Any CPU
		{84BDBB4C-50AA-4D92-9DD3-8CDFD7DFD7D4}.Debug|Mixed Platforms.Build.0 = Debug|Any CPU
		{84BDBB4C-50AA-4D92-9DD3-8CDFD7DFD7D4}.Debug|x64.ActiveCfg = Debug|Any CPU
		{84BDBB4C-50AA-4D92-9DD3-8CDFD7DFD7D4}.Debug|x86.ActiveCfg = Debug|Any CPU
		{84BDBB4C-50AA-4D92-9DD3-8CDFD7DFD7D4}.Release|Any CPU.ActiveCfg = Release|Any CPU
		{84BDBB4C-50AA-4D92-9DD3-8CDFD7DFD7D4}.Release|Any CPU.Build.0 = Release|Any CPU
		{84BDBB4C-50AA-4D92-9DD3-8CDFD7DFD7D4}.Release|Mixed Platforms.ActiveCfg = Release|Any CPU
		{84BDBB4C-50AA-4D92-9DD3-8CDFD7DFD7D4}.Release|Mixed Platforms.Build.0 = Release|Any CPU
		{84BDBB4C-50AA-4D92-9DD3-8CDFD7DFD7D4}.Release|x64.ActiveCfg = Release|Any CPU
		{84BDBB4C-50AA-4D92-9DD3-8CDFD7DFD7D4}.Release|x86.ActiveCfg = Release|Any CPU
		{2D747049-9A5C-4FFB-919F-1FD47BC18B3D}.Debug|Any CPU.ActiveCfg = Debug|Any CPU
		{2D747049-9A5C-4FFB-919F-1FD47BC18B3D}.Debug|Any CPU.Build.0 = Debug|Any CPU
		{2D747049-9A5C-4FFB-919F-1FD47BC18B3D}.Debug|Mixed Platforms.ActiveCfg = Debug|Any CPU
		{2D747049-9A5C-4FFB-919F-1FD47BC18B3D}.Debug|Mixed Platforms.Build.0 = Debug|Any CPU
		{2D747049-9A5C-4FFB-919F-1FD47BC18B3D}.Debug|x64.ActiveCfg = Debug|Any CPU
		{2D747049-9A5C-4FFB-919F-1FD47BC18B3D}.Debug|x86.ActiveCfg = Debug|Any CPU
		{2D747049-9A5C-4FFB-919F-1FD47BC18B3D}.Release|Any CPU.ActiveCfg = Release|Any CPU
		{2D747049-9A5C-4FFB-919F-1FD47BC18B3D}.Release|Any CPU.Build.0 = Release|Any CPU
		{2D747049-9A5C-4FFB-919F-1FD47BC18B3D}.Release|Mixed Platforms.ActiveCfg = Release|Any CPU
		{2D747049-9A5C-4FFB-919F-1FD47BC18B3D}.Release|Mixed Platforms.Build.0 = Release|Any CPU
		{2D747049-9A5C-4FFB-919F-1FD47BC18B3D}.Release|x64.ActiveCfg = Release|Any CPU
		{2D747049-9A5C-4FFB-919F-1FD47BC18B3D}.Release|x86.ActiveCfg = Release|Any CPU
		{CE1D8B75-3C30-43A1-AD65-BDA43AD459AC}.Debug|Any CPU.ActiveCfg = Debug|Any CPU
		{CE1D8B75-3C30-43A1-AD65-BDA43AD459AC}.Debug|Any CPU.Build.0 = Debug|Any CPU
		{CE1D8B75-3C30-43A1-AD65-BDA43AD459AC}.Debug|Mixed Platforms.ActiveCfg = Debug|Any CPU
		{CE1D8B75-3C30-43A1-AD65-BDA43AD459AC}.Debug|Mixed Platforms.Build.0 = Debug|Any CPU
		{CE1D8B75-3C30-43A1-AD65-BDA43AD459AC}.Debug|x64.ActiveCfg = Debug|Any CPU
		{CE1D8B75-3C30-43A1-AD65-BDA43AD459AC}.Debug|x86.ActiveCfg = Debug|Any CPU
		{CE1D8B75-3C30-43A1-AD65-BDA43AD459AC}.Release|Any CPU.ActiveCfg = Release|Any CPU
		{CE1D8B75-3C30-43A1-AD65-BDA43AD459AC}.Release|Any CPU.Build.0 = Release|Any CPU
		{CE1D8B75-3C30-43A1-AD65-BDA43AD459AC}.Release|Mixed Platforms.ActiveCfg = Release|Any CPU
		{CE1D8B75-3C30-43A1-AD65-BDA43AD459AC}.Release|Mixed Platforms.Build.0 = Release|Any CPU
		{CE1D8B75-3C30-43A1-AD65-BDA43AD459AC}.Release|x64.ActiveCfg = Release|Any CPU
		{CE1D8B75-3C30-43A1-AD65-BDA43AD459AC}.Release|x86.ActiveCfg = Release|Any CPU
		{4D49BE81-B5F9-4885-BE11-1523D141EA10}.Debug|Any CPU.ActiveCfg = Debug|Any CPU
		{4D49BE81-B5F9-4885-BE11-1523D141EA10}.Debug|Any CPU.Build.0 = Debug|Any CPU
		{4D49BE81-B5F9-4885-BE11-1523D141EA10}.Debug|Mixed Platforms.ActiveCfg = Debug|Any CPU
		{4D49BE81-B5F9-4885-BE11-1523D141EA10}.Debug|Mixed Platforms.Build.0 = Debug|Any CPU
		{4D49BE81-B5F9-4885-BE11-1523D141EA10}.Debug|x64.ActiveCfg = Debug|Any CPU
		{4D49BE81-B5F9-4885-BE11-1523D141EA10}.Debug|x86.ActiveCfg = Debug|Any CPU
		{4D49BE81-B5F9-4885-BE11-1523D141EA10}.Release|Any CPU.ActiveCfg = Release|Any CPU
		{4D49BE81-B5F9-4885-BE11-1523D141EA10}.Release|Any CPU.Build.0 = Release|Any CPU
		{4D49BE81-B5F9-4885-BE11-1523D141EA10}.Release|Mixed Platforms.ActiveCfg = Release|Any CPU
		{4D49BE81-B5F9-4885-BE11-1523D141EA10}.Release|Mixed Platforms.Build.0 = Release|Any CPU
		{4D49BE81-B5F9-4885-BE11-1523D141EA10}.Release|x64.ActiveCfg = Release|Any CPU
		{4D49BE81-B5F9-4885-BE11-1523D141EA10}.Release|x86.ActiveCfg = Release|Any CPU
		{82D93509-55CC-4350-98D1-C964861266A9}.Debug|Any CPU.ActiveCfg = Debug|Any CPU
		{82D93509-55CC-4350-98D1-C964861266A9}.Debug|Any CPU.Build.0 = Debug|Any CPU
		{82D93509-55CC-4350-98D1-C964861266A9}.Debug|Mixed Platforms.ActiveCfg = Debug|Any CPU
		{82D93509-55CC-4350-98D1-C964861266A9}.Debug|Mixed Platforms.Build.0 = Debug|Any CPU
		{82D93509-55CC-4350-98D1-C964861266A9}.Debug|x64.ActiveCfg = Debug|Any CPU
		{82D93509-55CC-4350-98D1-C964861266A9}.Debug|x86.ActiveCfg = Debug|Any CPU
		{82D93509-55CC-4350-98D1-C964861266A9}.Release|Any CPU.ActiveCfg = Release|Any CPU
		{82D93509-55CC-4350-98D1-C964861266A9}.Release|Any CPU.Build.0 = Release|Any CPU
		{82D93509-55CC-4350-98D1-C964861266A9}.Release|Mixed Platforms.ActiveCfg = Release|Any CPU
		{82D93509-55CC-4350-98D1-C964861266A9}.Release|Mixed Platforms.Build.0 = Release|Any CPU
		{82D93509-55CC-4350-98D1-C964861266A9}.Release|x64.ActiveCfg = Release|Any CPU
		{82D93509-55CC-4350-98D1-C964861266A9}.Release|x86.ActiveCfg = Release|Any CPU
		{CEEBFC5A-9CAB-40D1-A453-8C30A13F0CD4}.Debug|Any CPU.ActiveCfg = Debug|Any CPU
		{CEEBFC5A-9CAB-40D1-A453-8C30A13F0CD4}.Debug|Any CPU.Build.0 = Debug|Any CPU
		{CEEBFC5A-9CAB-40D1-A453-8C30A13F0CD4}.Debug|Mixed Platforms.ActiveCfg = Debug|Any CPU
		{CEEBFC5A-9CAB-40D1-A453-8C30A13F0CD4}.Debug|Mixed Platforms.Build.0 = Debug|Any CPU
		{CEEBFC5A-9CAB-40D1-A453-8C30A13F0CD4}.Debug|x64.ActiveCfg = Debug|Any CPU
		{CEEBFC5A-9CAB-40D1-A453-8C30A13F0CD4}.Debug|x86.ActiveCfg = Debug|Any CPU
		{CEEBFC5A-9CAB-40D1-A453-8C30A13F0CD4}.Release|Any CPU.ActiveCfg = Release|Any CPU
		{CEEBFC5A-9CAB-40D1-A453-8C30A13F0CD4}.Release|Any CPU.Build.0 = Release|Any CPU
		{CEEBFC5A-9CAB-40D1-A453-8C30A13F0CD4}.Release|Mixed Platforms.ActiveCfg = Release|Any CPU
		{CEEBFC5A-9CAB-40D1-A453-8C30A13F0CD4}.Release|Mixed Platforms.Build.0 = Release|Any CPU
		{CEEBFC5A-9CAB-40D1-A453-8C30A13F0CD4}.Release|x64.ActiveCfg = Release|Any CPU
		{CEEBFC5A-9CAB-40D1-A453-8C30A13F0CD4}.Release|x86.ActiveCfg = Release|Any CPU
		{94FD8015-16D8-442E-8BD8-C2A63D1232D4}.Debug|Any CPU.ActiveCfg = Debug|Any CPU
		{94FD8015-16D8-442E-8BD8-C2A63D1232D4}.Debug|Any CPU.Build.0 = Debug|Any CPU
		{94FD8015-16D8-442E-8BD8-C2A63D1232D4}.Debug|Mixed Platforms.ActiveCfg = Debug|Any CPU
		{94FD8015-16D8-442E-8BD8-C2A63D1232D4}.Debug|Mixed Platforms.Build.0 = Debug|Any CPU
		{94FD8015-16D8-442E-8BD8-C2A63D1232D4}.Debug|x64.ActiveCfg = Debug|Any CPU
		{94FD8015-16D8-442E-8BD8-C2A63D1232D4}.Debug|x86.ActiveCfg = Debug|Any CPU
		{94FD8015-16D8-442E-8BD8-C2A63D1232D4}.Release|Any CPU.ActiveCfg = Release|Any CPU
		{94FD8015-16D8-442E-8BD8-C2A63D1232D4}.Release|Any CPU.Build.0 = Release|Any CPU
		{94FD8015-16D8-442E-8BD8-C2A63D1232D4}.Release|Mixed Platforms.ActiveCfg = Release|Any CPU
		{94FD8015-16D8-442E-8BD8-C2A63D1232D4}.Release|Mixed Platforms.Build.0 = Release|Any CPU
		{94FD8015-16D8-442E-8BD8-C2A63D1232D4}.Release|x64.ActiveCfg = Release|Any CPU
		{94FD8015-16D8-442E-8BD8-C2A63D1232D4}.Release|x86.ActiveCfg = Release|Any CPU
		{B31D05AE-C7ED-41FC-B5E3-F8551EDA78DF}.Debug|Any CPU.ActiveCfg = Debug|Any CPU
		{B31D05AE-C7ED-41FC-B5E3-F8551EDA78DF}.Debug|Any CPU.Build.0 = Debug|Any CPU
		{B31D05AE-C7ED-41FC-B5E3-F8551EDA78DF}.Debug|Mixed Platforms.ActiveCfg = Debug|Any CPU
		{B31D05AE-C7ED-41FC-B5E3-F8551EDA78DF}.Debug|Mixed Platforms.Build.0 = Debug|Any CPU
		{B31D05AE-C7ED-41FC-B5E3-F8551EDA78DF}.Debug|x64.ActiveCfg = Debug|Any CPU
		{B31D05AE-C7ED-41FC-B5E3-F8551EDA78DF}.Debug|x86.ActiveCfg = Debug|Any CPU
		{B31D05AE-C7ED-41FC-B5E3-F8551EDA78DF}.Release|Any CPU.ActiveCfg = Release|Any CPU
		{B31D05AE-C7ED-41FC-B5E3-F8551EDA78DF}.Release|Any CPU.Build.0 = Release|Any CPU
		{B31D05AE-C7ED-41FC-B5E3-F8551EDA78DF}.Release|Mixed Platforms.ActiveCfg = Release|Any CPU
		{B31D05AE-C7ED-41FC-B5E3-F8551EDA78DF}.Release|Mixed Platforms.Build.0 = Release|Any CPU
		{B31D05AE-C7ED-41FC-B5E3-F8551EDA78DF}.Release|x64.ActiveCfg = Release|Any CPU
		{B31D05AE-C7ED-41FC-B5E3-F8551EDA78DF}.Release|x86.ActiveCfg = Release|Any CPU
		{317CBF44-AA61-4999-BEF6-5F18A11BB010}.Debug|Any CPU.ActiveCfg = Debug|Any CPU
		{317CBF44-AA61-4999-BEF6-5F18A11BB010}.Debug|Any CPU.Build.0 = Debug|Any CPU
		{317CBF44-AA61-4999-BEF6-5F18A11BB010}.Debug|Mixed Platforms.ActiveCfg = Debug|Any CPU
		{317CBF44-AA61-4999-BEF6-5F18A11BB010}.Debug|Mixed Platforms.Build.0 = Debug|Any CPU
		{317CBF44-AA61-4999-BEF6-5F18A11BB010}.Debug|x64.ActiveCfg = Debug|Any CPU
		{317CBF44-AA61-4999-BEF6-5F18A11BB010}.Debug|x86.ActiveCfg = Debug|Any CPU
		{317CBF44-AA61-4999-BEF6-5F18A11BB010}.Release|Any CPU.ActiveCfg = Release|Any CPU
		{317CBF44-AA61-4999-BEF6-5F18A11BB010}.Release|Any CPU.Build.0 = Release|Any CPU
		{317CBF44-AA61-4999-BEF6-5F18A11BB010}.Release|Mixed Platforms.ActiveCfg = Release|Any CPU
		{317CBF44-AA61-4999-BEF6-5F18A11BB010}.Release|Mixed Platforms.Build.0 = Release|Any CPU
		{317CBF44-AA61-4999-BEF6-5F18A11BB010}.Release|x64.ActiveCfg = Release|Any CPU
		{317CBF44-AA61-4999-BEF6-5F18A11BB010}.Release|x86.ActiveCfg = Release|Any CPU
		{35BB98E0-BA22-460B-BC2D-84B2ADD42543}.Debug|Any CPU.ActiveCfg = Debug|Any CPU
		{35BB98E0-BA22-460B-BC2D-84B2ADD42543}.Debug|Any CPU.Build.0 = Debug|Any CPU
		{35BB98E0-BA22-460B-BC2D-84B2ADD42543}.Debug|Mixed Platforms.ActiveCfg = Debug|Any CPU
		{35BB98E0-BA22-460B-BC2D-84B2ADD42543}.Debug|Mixed Platforms.Build.0 = Debug|Any CPU
		{35BB98E0-BA22-460B-BC2D-84B2ADD42543}.Debug|x64.ActiveCfg = Debug|Any CPU
		{35BB98E0-BA22-460B-BC2D-84B2ADD42543}.Debug|x86.ActiveCfg = Debug|Any CPU
		{35BB98E0-BA22-460B-BC2D-84B2ADD42543}.Release|Any CPU.ActiveCfg = Release|Any CPU
		{35BB98E0-BA22-460B-BC2D-84B2ADD42543}.Release|Any CPU.Build.0 = Release|Any CPU
		{35BB98E0-BA22-460B-BC2D-84B2ADD42543}.Release|Mixed Platforms.ActiveCfg = Release|Any CPU
		{35BB98E0-BA22-460B-BC2D-84B2ADD42543}.Release|Mixed Platforms.Build.0 = Release|Any CPU
		{35BB98E0-BA22-460B-BC2D-84B2ADD42543}.Release|x64.ActiveCfg = Release|Any CPU
		{35BB98E0-BA22-460B-BC2D-84B2ADD42543}.Release|x86.ActiveCfg = Release|Any CPU
		{958C5F33-33E1-4EFE-8080-124BFAC8A7F9}.Debug|Any CPU.ActiveCfg = Debug|Any CPU
		{958C5F33-33E1-4EFE-8080-124BFAC8A7F9}.Debug|Any CPU.Build.0 = Debug|Any CPU
		{958C5F33-33E1-4EFE-8080-124BFAC8A7F9}.Debug|Mixed Platforms.ActiveCfg = Debug|Any CPU
		{958C5F33-33E1-4EFE-8080-124BFAC8A7F9}.Debug|Mixed Platforms.Build.0 = Debug|Any CPU
		{958C5F33-33E1-4EFE-8080-124BFAC8A7F9}.Debug|x64.ActiveCfg = Debug|Any CPU
		{958C5F33-33E1-4EFE-8080-124BFAC8A7F9}.Debug|x86.ActiveCfg = Debug|Any CPU
		{958C5F33-33E1-4EFE-8080-124BFAC8A7F9}.Release|Any CPU.ActiveCfg = Release|Any CPU
		{958C5F33-33E1-4EFE-8080-124BFAC8A7F9}.Release|Any CPU.Build.0 = Release|Any CPU
		{958C5F33-33E1-4EFE-8080-124BFAC8A7F9}.Release|Mixed Platforms.ActiveCfg = Release|Any CPU
		{958C5F33-33E1-4EFE-8080-124BFAC8A7F9}.Release|Mixed Platforms.Build.0 = Release|Any CPU
		{958C5F33-33E1-4EFE-8080-124BFAC8A7F9}.Release|x64.ActiveCfg = Release|Any CPU
		{958C5F33-33E1-4EFE-8080-124BFAC8A7F9}.Release|x86.ActiveCfg = Release|Any CPU
		{AD0053D4-2AB7-42DC-9DE3-5B26D702DDE8}.Debug|Any CPU.ActiveCfg = Debug|Any CPU
		{AD0053D4-2AB7-42DC-9DE3-5B26D702DDE8}.Debug|Any CPU.Build.0 = Debug|Any CPU
		{AD0053D4-2AB7-42DC-9DE3-5B26D702DDE8}.Debug|Mixed Platforms.ActiveCfg = Debug|Any CPU
		{AD0053D4-2AB7-42DC-9DE3-5B26D702DDE8}.Debug|Mixed Platforms.Build.0 = Debug|Any CPU
		{AD0053D4-2AB7-42DC-9DE3-5B26D702DDE8}.Debug|x64.ActiveCfg = Debug|Any CPU
		{AD0053D4-2AB7-42DC-9DE3-5B26D702DDE8}.Debug|x86.ActiveCfg = Debug|Any CPU
		{AD0053D4-2AB7-42DC-9DE3-5B26D702DDE8}.Release|Any CPU.ActiveCfg = Release|Any CPU
		{AD0053D4-2AB7-42DC-9DE3-5B26D702DDE8}.Release|Any CPU.Build.0 = Release|Any CPU
		{AD0053D4-2AB7-42DC-9DE3-5B26D702DDE8}.Release|Mixed Platforms.ActiveCfg = Release|Any CPU
		{AD0053D4-2AB7-42DC-9DE3-5B26D702DDE8}.Release|Mixed Platforms.Build.0 = Release|Any CPU
		{AD0053D4-2AB7-42DC-9DE3-5B26D702DDE8}.Release|x64.ActiveCfg = Release|Any CPU
		{AD0053D4-2AB7-42DC-9DE3-5B26D702DDE8}.Release|x86.ActiveCfg = Release|Any CPU
		{3F757A9F-BA85-4B16-AD94-334D332F3DEB}.Debug|Any CPU.ActiveCfg = Debug|Any CPU
		{3F757A9F-BA85-4B16-AD94-334D332F3DEB}.Debug|Any CPU.Build.0 = Debug|Any CPU
		{3F757A9F-BA85-4B16-AD94-334D332F3DEB}.Debug|Mixed Platforms.ActiveCfg = Debug|Any CPU
		{3F757A9F-BA85-4B16-AD94-334D332F3DEB}.Debug|Mixed Platforms.Build.0 = Debug|Any CPU
		{3F757A9F-BA85-4B16-AD94-334D332F3DEB}.Debug|x64.ActiveCfg = Debug|Any CPU
		{3F757A9F-BA85-4B16-AD94-334D332F3DEB}.Debug|x86.ActiveCfg = Debug|Any CPU
		{3F757A9F-BA85-4B16-AD94-334D332F3DEB}.Release|Any CPU.ActiveCfg = Release|Any CPU
		{3F757A9F-BA85-4B16-AD94-334D332F3DEB}.Release|Any CPU.Build.0 = Release|Any CPU
		{3F757A9F-BA85-4B16-AD94-334D332F3DEB}.Release|Mixed Platforms.ActiveCfg = Release|Any CPU
		{3F757A9F-BA85-4B16-AD94-334D332F3DEB}.Release|Mixed Platforms.Build.0 = Release|Any CPU
		{3F757A9F-BA85-4B16-AD94-334D332F3DEB}.Release|x64.ActiveCfg = Release|Any CPU
		{3F757A9F-BA85-4B16-AD94-334D332F3DEB}.Release|x86.ActiveCfg = Release|Any CPU
		{A924F59C-1AF8-4B18-B3E4-E0EECB4CE225}.Debug|Any CPU.ActiveCfg = Debug|Any CPU
		{A924F59C-1AF8-4B18-B3E4-E0EECB4CE225}.Debug|Any CPU.Build.0 = Debug|Any CPU
		{A924F59C-1AF8-4B18-B3E4-E0EECB4CE225}.Debug|Mixed Platforms.ActiveCfg = Debug|Any CPU
		{A924F59C-1AF8-4B18-B3E4-E0EECB4CE225}.Debug|Mixed Platforms.Build.0 = Debug|Any CPU
		{A924F59C-1AF8-4B18-B3E4-E0EECB4CE225}.Debug|x64.ActiveCfg = Debug|Any CPU
		{A924F59C-1AF8-4B18-B3E4-E0EECB4CE225}.Debug|x86.ActiveCfg = Debug|Any CPU
		{A924F59C-1AF8-4B18-B3E4-E0EECB4CE225}.Release|Any CPU.ActiveCfg = Release|Any CPU
		{A924F59C-1AF8-4B18-B3E4-E0EECB4CE225}.Release|Any CPU.Build.0 = Release|Any CPU
		{A924F59C-1AF8-4B18-B3E4-E0EECB4CE225}.Release|Mixed Platforms.ActiveCfg = Release|Any CPU
		{A924F59C-1AF8-4B18-B3E4-E0EECB4CE225}.Release|Mixed Platforms.Build.0 = Release|Any CPU
		{A924F59C-1AF8-4B18-B3E4-E0EECB4CE225}.Release|x64.ActiveCfg = Release|Any CPU
		{A924F59C-1AF8-4B18-B3E4-E0EECB4CE225}.Release|x86.ActiveCfg = Release|Any CPU
		{C3614B12-69A8-4ED5-8AC5-FB7940E70806}.Debug|Any CPU.ActiveCfg = Debug|Any CPU
		{C3614B12-69A8-4ED5-8AC5-FB7940E70806}.Debug|Any CPU.Build.0 = Debug|Any CPU
		{C3614B12-69A8-4ED5-8AC5-FB7940E70806}.Debug|Mixed Platforms.ActiveCfg = Debug|Any CPU
		{C3614B12-69A8-4ED5-8AC5-FB7940E70806}.Debug|Mixed Platforms.Build.0 = Debug|Any CPU
		{C3614B12-69A8-4ED5-8AC5-FB7940E70806}.Debug|x64.ActiveCfg = Debug|Any CPU
		{C3614B12-69A8-4ED5-8AC5-FB7940E70806}.Debug|x86.ActiveCfg = Debug|Any CPU
		{C3614B12-69A8-4ED5-8AC5-FB7940E70806}.Release|Any CPU.ActiveCfg = Release|Any CPU
		{C3614B12-69A8-4ED5-8AC5-FB7940E70806}.Release|Any CPU.Build.0 = Release|Any CPU
		{C3614B12-69A8-4ED5-8AC5-FB7940E70806}.Release|Mixed Platforms.ActiveCfg = Release|Any CPU
		{C3614B12-69A8-4ED5-8AC5-FB7940E70806}.Release|Mixed Platforms.Build.0 = Release|Any CPU
		{C3614B12-69A8-4ED5-8AC5-FB7940E70806}.Release|x64.ActiveCfg = Release|Any CPU
		{C3614B12-69A8-4ED5-8AC5-FB7940E70806}.Release|x86.ActiveCfg = Release|Any CPU
		{350B1D61-F5A8-4BCA-A92D-FBC6ACCB6D23}.Debug|Any CPU.ActiveCfg = Debug|Any CPU
		{350B1D61-F5A8-4BCA-A92D-FBC6ACCB6D23}.Debug|Any CPU.Build.0 = Debug|Any CPU
		{350B1D61-F5A8-4BCA-A92D-FBC6ACCB6D23}.Debug|Mixed Platforms.ActiveCfg = Debug|Any CPU
		{350B1D61-F5A8-4BCA-A92D-FBC6ACCB6D23}.Debug|Mixed Platforms.Build.0 = Debug|Any CPU
		{350B1D61-F5A8-4BCA-A92D-FBC6ACCB6D23}.Debug|x64.ActiveCfg = Debug|Any CPU
		{350B1D61-F5A8-4BCA-A92D-FBC6ACCB6D23}.Debug|x86.ActiveCfg = Debug|Any CPU
		{350B1D61-F5A8-4BCA-A92D-FBC6ACCB6D23}.Release|Any CPU.ActiveCfg = Release|Any CPU
		{350B1D61-F5A8-4BCA-A92D-FBC6ACCB6D23}.Release|Any CPU.Build.0 = Release|Any CPU
		{350B1D61-F5A8-4BCA-A92D-FBC6ACCB6D23}.Release|Mixed Platforms.ActiveCfg = Release|Any CPU
		{350B1D61-F5A8-4BCA-A92D-FBC6ACCB6D23}.Release|Mixed Platforms.Build.0 = Release|Any CPU
		{350B1D61-F5A8-4BCA-A92D-FBC6ACCB6D23}.Release|x64.ActiveCfg = Release|Any CPU
		{350B1D61-F5A8-4BCA-A92D-FBC6ACCB6D23}.Release|x86.ActiveCfg = Release|Any CPU
		{F2C2F50E-CC41-49CE-B8B6-4B633F67F26A}.Debug|Any CPU.ActiveCfg = Debug|Any CPU
		{F2C2F50E-CC41-49CE-B8B6-4B633F67F26A}.Debug|Any CPU.Build.0 = Debug|Any CPU
		{F2C2F50E-CC41-49CE-B8B6-4B633F67F26A}.Debug|Mixed Platforms.ActiveCfg = Debug|Any CPU
		{F2C2F50E-CC41-49CE-B8B6-4B633F67F26A}.Debug|Mixed Platforms.Build.0 = Debug|Any CPU
		{F2C2F50E-CC41-49CE-B8B6-4B633F67F26A}.Debug|x64.ActiveCfg = Debug|Any CPU
		{F2C2F50E-CC41-49CE-B8B6-4B633F67F26A}.Debug|x86.ActiveCfg = Debug|Any CPU
		{F2C2F50E-CC41-49CE-B8B6-4B633F67F26A}.Release|Any CPU.ActiveCfg = Release|Any CPU
		{F2C2F50E-CC41-49CE-B8B6-4B633F67F26A}.Release|Any CPU.Build.0 = Release|Any CPU
		{F2C2F50E-CC41-49CE-B8B6-4B633F67F26A}.Release|Mixed Platforms.ActiveCfg = Release|Any CPU
		{F2C2F50E-CC41-49CE-B8B6-4B633F67F26A}.Release|Mixed Platforms.Build.0 = Release|Any CPU
		{F2C2F50E-CC41-49CE-B8B6-4B633F67F26A}.Release|x64.ActiveCfg = Release|Any CPU
		{F2C2F50E-CC41-49CE-B8B6-4B633F67F26A}.Release|x86.ActiveCfg = Release|Any CPU
		{BD6F6DBB-B6D8-4EC3-939A-62BC58CC19B1}.Debug|Any CPU.ActiveCfg = Debug|Any CPU
		{BD6F6DBB-B6D8-4EC3-939A-62BC58CC19B1}.Debug|Any CPU.Build.0 = Debug|Any CPU
		{BD6F6DBB-B6D8-4EC3-939A-62BC58CC19B1}.Debug|Mixed Platforms.ActiveCfg = Debug|Any CPU
		{BD6F6DBB-B6D8-4EC3-939A-62BC58CC19B1}.Debug|Mixed Platforms.Build.0 = Debug|Any CPU
		{BD6F6DBB-B6D8-4EC3-939A-62BC58CC19B1}.Debug|x64.ActiveCfg = Debug|Any CPU
		{BD6F6DBB-B6D8-4EC3-939A-62BC58CC19B1}.Debug|x86.ActiveCfg = Debug|Any CPU
		{BD6F6DBB-B6D8-4EC3-939A-62BC58CC19B1}.Release|Any CPU.ActiveCfg = Release|Any CPU
		{BD6F6DBB-B6D8-4EC3-939A-62BC58CC19B1}.Release|Any CPU.Build.0 = Release|Any CPU
		{BD6F6DBB-B6D8-4EC3-939A-62BC58CC19B1}.Release|Mixed Platforms.ActiveCfg = Release|Any CPU
		{BD6F6DBB-B6D8-4EC3-939A-62BC58CC19B1}.Release|Mixed Platforms.Build.0 = Release|Any CPU
		{BD6F6DBB-B6D8-4EC3-939A-62BC58CC19B1}.Release|x64.ActiveCfg = Release|Any CPU
		{BD6F6DBB-B6D8-4EC3-939A-62BC58CC19B1}.Release|x86.ActiveCfg = Release|Any CPU
		{C62E5AA2-D72F-4CDB-944B-2E8C98353973}.Debug|Any CPU.ActiveCfg = Debug|Any CPU
		{C62E5AA2-D72F-4CDB-944B-2E8C98353973}.Debug|Any CPU.Build.0 = Debug|Any CPU
		{C62E5AA2-D72F-4CDB-944B-2E8C98353973}.Debug|Mixed Platforms.ActiveCfg = Debug|Any CPU
		{C62E5AA2-D72F-4CDB-944B-2E8C98353973}.Debug|Mixed Platforms.Build.0 = Debug|Any CPU
		{C62E5AA2-D72F-4CDB-944B-2E8C98353973}.Debug|x64.ActiveCfg = Debug|Any CPU
		{C62E5AA2-D72F-4CDB-944B-2E8C98353973}.Debug|x86.ActiveCfg = Debug|Any CPU
		{C62E5AA2-D72F-4CDB-944B-2E8C98353973}.Release|Any CPU.ActiveCfg = Release|Any CPU
		{C62E5AA2-D72F-4CDB-944B-2E8C98353973}.Release|Any CPU.Build.0 = Release|Any CPU
		{C62E5AA2-D72F-4CDB-944B-2E8C98353973}.Release|Mixed Platforms.ActiveCfg = Release|Any CPU
		{C62E5AA2-D72F-4CDB-944B-2E8C98353973}.Release|Mixed Platforms.Build.0 = Release|Any CPU
		{C62E5AA2-D72F-4CDB-944B-2E8C98353973}.Release|x64.ActiveCfg = Release|Any CPU
		{C62E5AA2-D72F-4CDB-944B-2E8C98353973}.Release|x86.ActiveCfg = Release|Any CPU
		{F1386E04-A35B-4DB2-B95D-45277E55DDE7}.Debug|Any CPU.ActiveCfg = Debug|Any CPU
		{F1386E04-A35B-4DB2-B95D-45277E55DDE7}.Debug|Any CPU.Build.0 = Debug|Any CPU
		{F1386E04-A35B-4DB2-B95D-45277E55DDE7}.Debug|Mixed Platforms.ActiveCfg = Debug|Any CPU
		{F1386E04-A35B-4DB2-B95D-45277E55DDE7}.Debug|Mixed Platforms.Build.0 = Debug|Any CPU
		{F1386E04-A35B-4DB2-B95D-45277E55DDE7}.Debug|x64.ActiveCfg = Debug|Any CPU
		{F1386E04-A35B-4DB2-B95D-45277E55DDE7}.Debug|x86.ActiveCfg = Debug|Any CPU
		{F1386E04-A35B-4DB2-B95D-45277E55DDE7}.Release|Any CPU.ActiveCfg = Release|Any CPU
		{F1386E04-A35B-4DB2-B95D-45277E55DDE7}.Release|Any CPU.Build.0 = Release|Any CPU
		{F1386E04-A35B-4DB2-B95D-45277E55DDE7}.Release|Mixed Platforms.ActiveCfg = Release|Any CPU
		{F1386E04-A35B-4DB2-B95D-45277E55DDE7}.Release|Mixed Platforms.Build.0 = Release|Any CPU
		{F1386E04-A35B-4DB2-B95D-45277E55DDE7}.Release|x64.ActiveCfg = Release|Any CPU
		{F1386E04-A35B-4DB2-B95D-45277E55DDE7}.Release|x86.ActiveCfg = Release|Any CPU
		{21240191-08FF-4C30-AE9D-62B8DC032B10}.Debug|Any CPU.ActiveCfg = Debug|Any CPU
		{21240191-08FF-4C30-AE9D-62B8DC032B10}.Debug|Any CPU.Build.0 = Debug|Any CPU
		{21240191-08FF-4C30-AE9D-62B8DC032B10}.Debug|Mixed Platforms.ActiveCfg = Debug|Any CPU
		{21240191-08FF-4C30-AE9D-62B8DC032B10}.Debug|Mixed Platforms.Build.0 = Debug|Any CPU
		{21240191-08FF-4C30-AE9D-62B8DC032B10}.Debug|x64.ActiveCfg = Debug|Any CPU
		{21240191-08FF-4C30-AE9D-62B8DC032B10}.Debug|x86.ActiveCfg = Debug|Any CPU
		{21240191-08FF-4C30-AE9D-62B8DC032B10}.Release|Any CPU.ActiveCfg = Release|Any CPU
		{21240191-08FF-4C30-AE9D-62B8DC032B10}.Release|Any CPU.Build.0 = Release|Any CPU
		{21240191-08FF-4C30-AE9D-62B8DC032B10}.Release|Mixed Platforms.ActiveCfg = Release|Any CPU
		{21240191-08FF-4C30-AE9D-62B8DC032B10}.Release|Mixed Platforms.Build.0 = Release|Any CPU
		{21240191-08FF-4C30-AE9D-62B8DC032B10}.Release|x64.ActiveCfg = Release|Any CPU
		{21240191-08FF-4C30-AE9D-62B8DC032B10}.Release|x86.ActiveCfg = Release|Any CPU
		{11275660-18A4-4B39-BA5D-0451E1B5DBCE}.Debug|Any CPU.ActiveCfg = Debug|Any CPU
		{11275660-18A4-4B39-BA5D-0451E1B5DBCE}.Debug|Any CPU.Build.0 = Debug|Any CPU
		{11275660-18A4-4B39-BA5D-0451E1B5DBCE}.Debug|Mixed Platforms.ActiveCfg = Debug|Any CPU
		{11275660-18A4-4B39-BA5D-0451E1B5DBCE}.Debug|Mixed Platforms.Build.0 = Debug|Any CPU
		{11275660-18A4-4B39-BA5D-0451E1B5DBCE}.Debug|x64.ActiveCfg = Debug|Any CPU
		{11275660-18A4-4B39-BA5D-0451E1B5DBCE}.Debug|x86.ActiveCfg = Debug|Any CPU
		{11275660-18A4-4B39-BA5D-0451E1B5DBCE}.Release|Any CPU.ActiveCfg = Release|Any CPU
		{11275660-18A4-4B39-BA5D-0451E1B5DBCE}.Release|Any CPU.Build.0 = Release|Any CPU
		{11275660-18A4-4B39-BA5D-0451E1B5DBCE}.Release|Mixed Platforms.ActiveCfg = Release|Any CPU
		{11275660-18A4-4B39-BA5D-0451E1B5DBCE}.Release|Mixed Platforms.Build.0 = Release|Any CPU
		{11275660-18A4-4B39-BA5D-0451E1B5DBCE}.Release|x64.ActiveCfg = Release|Any CPU
		{11275660-18A4-4B39-BA5D-0451E1B5DBCE}.Release|x86.ActiveCfg = Release|Any CPU
		{FFDA57EB-295C-4D84-97BF-F88DB4F4219D}.Debug|Any CPU.ActiveCfg = Debug|Any CPU
		{FFDA57EB-295C-4D84-97BF-F88DB4F4219D}.Debug|Any CPU.Build.0 = Debug|Any CPU
		{FFDA57EB-295C-4D84-97BF-F88DB4F4219D}.Debug|Mixed Platforms.ActiveCfg = Debug|Any CPU
		{FFDA57EB-295C-4D84-97BF-F88DB4F4219D}.Debug|Mixed Platforms.Build.0 = Debug|Any CPU
		{FFDA57EB-295C-4D84-97BF-F88DB4F4219D}.Debug|x64.ActiveCfg = Debug|Any CPU
		{FFDA57EB-295C-4D84-97BF-F88DB4F4219D}.Debug|x86.ActiveCfg = Debug|Any CPU
		{FFDA57EB-295C-4D84-97BF-F88DB4F4219D}.Release|Any CPU.ActiveCfg = Release|Any CPU
		{FFDA57EB-295C-4D84-97BF-F88DB4F4219D}.Release|Any CPU.Build.0 = Release|Any CPU
		{FFDA57EB-295C-4D84-97BF-F88DB4F4219D}.Release|Mixed Platforms.ActiveCfg = Release|Any CPU
		{FFDA57EB-295C-4D84-97BF-F88DB4F4219D}.Release|Mixed Platforms.Build.0 = Release|Any CPU
		{FFDA57EB-295C-4D84-97BF-F88DB4F4219D}.Release|x64.ActiveCfg = Release|Any CPU
		{FFDA57EB-295C-4D84-97BF-F88DB4F4219D}.Release|x86.ActiveCfg = Release|Any CPU
		{8A901582-024E-409B-AC31-C89FA11987D8}.Debug|Any CPU.ActiveCfg = Debug|Any CPU
		{8A901582-024E-409B-AC31-C89FA11987D8}.Debug|Any CPU.Build.0 = Debug|Any CPU
		{8A901582-024E-409B-AC31-C89FA11987D8}.Debug|Mixed Platforms.ActiveCfg = Debug|Any CPU
		{8A901582-024E-409B-AC31-C89FA11987D8}.Debug|Mixed Platforms.Build.0 = Debug|Any CPU
		{8A901582-024E-409B-AC31-C89FA11987D8}.Debug|x64.ActiveCfg = Debug|Any CPU
		{8A901582-024E-409B-AC31-C89FA11987D8}.Debug|x86.ActiveCfg = Debug|Any CPU
		{8A901582-024E-409B-AC31-C89FA11987D8}.Release|Any CPU.ActiveCfg = Release|Any CPU
		{8A901582-024E-409B-AC31-C89FA11987D8}.Release|Any CPU.Build.0 = Release|Any CPU
		{8A901582-024E-409B-AC31-C89FA11987D8}.Release|Mixed Platforms.ActiveCfg = Release|Any CPU
		{8A901582-024E-409B-AC31-C89FA11987D8}.Release|Mixed Platforms.Build.0 = Release|Any CPU
		{8A901582-024E-409B-AC31-C89FA11987D8}.Release|x64.ActiveCfg = Release|Any CPU
		{8A901582-024E-409B-AC31-C89FA11987D8}.Release|x86.ActiveCfg = Release|Any CPU
		{CEB6EE1F-6162-4A1F-907F-DF092F425E8D}.Debug|Any CPU.ActiveCfg = Debug|Any CPU
		{CEB6EE1F-6162-4A1F-907F-DF092F425E8D}.Debug|Any CPU.Build.0 = Debug|Any CPU
		{CEB6EE1F-6162-4A1F-907F-DF092F425E8D}.Debug|Mixed Platforms.ActiveCfg = Debug|Any CPU
		{CEB6EE1F-6162-4A1F-907F-DF092F425E8D}.Debug|Mixed Platforms.Build.0 = Debug|Any CPU
		{CEB6EE1F-6162-4A1F-907F-DF092F425E8D}.Debug|x64.ActiveCfg = Debug|Any CPU
		{CEB6EE1F-6162-4A1F-907F-DF092F425E8D}.Debug|x86.ActiveCfg = Debug|Any CPU
		{CEB6EE1F-6162-4A1F-907F-DF092F425E8D}.Release|Any CPU.ActiveCfg = Release|Any CPU
		{CEB6EE1F-6162-4A1F-907F-DF092F425E8D}.Release|Any CPU.Build.0 = Release|Any CPU
		{CEB6EE1F-6162-4A1F-907F-DF092F425E8D}.Release|Mixed Platforms.ActiveCfg = Release|Any CPU
		{CEB6EE1F-6162-4A1F-907F-DF092F425E8D}.Release|Mixed Platforms.Build.0 = Release|Any CPU
		{CEB6EE1F-6162-4A1F-907F-DF092F425E8D}.Release|x64.ActiveCfg = Release|Any CPU
		{CEB6EE1F-6162-4A1F-907F-DF092F425E8D}.Release|x86.ActiveCfg = Release|Any CPU
		{2488F54D-DA71-4C8D-B992-179B314C3FE7}.Debug|Any CPU.ActiveCfg = Debug|Any CPU
		{2488F54D-DA71-4C8D-B992-179B314C3FE7}.Debug|Any CPU.Build.0 = Debug|Any CPU
		{2488F54D-DA71-4C8D-B992-179B314C3FE7}.Debug|Mixed Platforms.ActiveCfg = Debug|Any CPU
		{2488F54D-DA71-4C8D-B992-179B314C3FE7}.Debug|Mixed Platforms.Build.0 = Debug|Any CPU
		{2488F54D-DA71-4C8D-B992-179B314C3FE7}.Debug|x64.ActiveCfg = Debug|Any CPU
		{2488F54D-DA71-4C8D-B992-179B314C3FE7}.Debug|x86.ActiveCfg = Debug|Any CPU
		{2488F54D-DA71-4C8D-B992-179B314C3FE7}.Release|Any CPU.ActiveCfg = Release|Any CPU
		{2488F54D-DA71-4C8D-B992-179B314C3FE7}.Release|Any CPU.Build.0 = Release|Any CPU
		{2488F54D-DA71-4C8D-B992-179B314C3FE7}.Release|Mixed Platforms.ActiveCfg = Release|Any CPU
		{2488F54D-DA71-4C8D-B992-179B314C3FE7}.Release|Mixed Platforms.Build.0 = Release|Any CPU
		{2488F54D-DA71-4C8D-B992-179B314C3FE7}.Release|x64.ActiveCfg = Release|Any CPU
		{2488F54D-DA71-4C8D-B992-179B314C3FE7}.Release|x86.ActiveCfg = Release|Any CPU
	EndGlobalSection
	GlobalSection(SolutionProperties) = preSolution
		HideSolutionNode = FALSE
	EndGlobalSection
EndGlobal
