
Microsoft Visual Studio Solution File, Format Version 10.00
# Visual Studio 2008
Project("{FAE04EC0-301F-11D3-BF4B-00C04F79EFBC}") = "MC-State", "MC-State.csproj", "{F2C2F50E-CC41-49CE-B8B6-4B633F67F26A}"
EndProject
Global
	GlobalSection(SolutionConfigurationPlatforms) = preSolution
		Debug|Any CPU = Debug|Any CPU
		Release|Any CPU = Release|Any CPU
	EndGlobalSection
	GlobalSection(ProjectConfigurationPlatforms) = postSolution
		{F2C2F50E-CC41-49CE-B8B6-4B633F67F26A}.Debug|Any CPU.ActiveCfg = Debug|Any CPU
		{F2C2F50E-CC41-49CE-B8B6-4B633F67F26A}.Debug|Any CPU.Build.0 = Debug|Any CPU
		{F2C2F50E-CC41-49CE-B8B6-4B633F67F26A}.Release|Any CPU.ActiveCfg = Release|Any CPU
		{F2C2F50E-CC41-49CE-B8B6-4B633F67F26A}.Release|Any CPU.Build.0 = Release|Any CPU
	EndGlobalSection
	GlobalSection(SolutionProperties) = preSolution
		HideSolutionNode = FALSE
	EndGlobalSection
EndGlobal
